
Microsoft Visual Studio Solution File, Format Version 12.00
# Visual Studio Version 17
VisualStudioVersion = 17.11.35312.102
MinimumVisualStudioVersion = 10.0.40219.1
Project("{FAE04EC0-301F-11D3-BF4B-00C04F79EFBC}") = "EmoCare", "EmoCare.csproj", "{2F6FA86B-945C-435B-9D3D-B4DA94E04311}"
EndProject
Global
	GlobalSection(SolutionConfigurationPlatforms) = preSolution
		Debug|Any CPU = Debug|Any CPU
		Release|Any CPU = Release|Any CPU
	EndGlobalSection
	GlobalSection(ProjectConfigurationPlatforms) = postSolution
		{2F6FA86B-945C-435B-9D3D-B4DA94E04311}.Debug|Any CPU.ActiveCfg = Debug|Any CPU
		{2F6FA86B-945C-435B-9D3D-B4DA94E04311}.Debug|Any CPU.Build.0 = Debug|Any CPU
		{2F6FA86B-945C-435B-9D3D-B4DA94E04311}.Release|Any CPU.ActiveCfg = Release|Any CPU
		{2F6FA86B-945C-435B-9D3D-B4DA94E04311}.Release|Any CPU.Build.0 = Release|Any CPU
	EndGlobalSection
	GlobalSection(SolutionProperties) = preSolution
		HideSolutionNode = FALSE
	EndGlobalSection
	GlobalSection(ExtensibilityGlobals) = postSolution
		SolutionGuid = {F89C8802-BC90-4B6A-A6EF-13210C43D652}
	EndGlobalSection
EndGlobal
